
Microsoft Visual Studio Solution File, Format Version 12.00
# Visual Studio 15
VisualStudioVersion = 15.0.27428.2037
MinimumVisualStudioVersion = 10.0.40219.1
Project("{FAE04EC0-301F-11D3-BF4B-00C04F79EFBC}") = "MyShop.Core", "MyShop.Core\MyShop.Core.csproj", "{6B67D9AE-F7B5-4873-BDF7-F672851BF157}"
EndProject
Project("{FAE04EC0-301F-11D3-BF4B-00C04F79EFBC}") = "MyShop.Services", "MyShop.Services\MyShop.Services.csproj", "{662612BE-1D5D-4182-B2A0-E0E289D85C0E}"
EndProject
Project("{FAE04EC0-301F-11D3-BF4B-00C04F79EFBC}") = "MyShop.DataAccess.SQL", "MyShop.DataAccess.SQL\MyShop.DataAccess.SQL.csproj", "{5F8B3768-F8C0-413F-90C7-15472AE260F9}"
EndProject
Project("{FAE04EC0-301F-11D3-BF4B-00C04F79EFBC}") = "MyShop.DataAccess.InMemory", "MyShop.DataAccess.InMemory\MyShop.DataAccess.InMemory.csproj", "{9FA489D1-F4B0-4CAB-B830-9696C9792303}"
EndProject
Project("{FAE04EC0-301F-11D3-BF4B-00C04F79EFBC}") = "MyShop.WebUI", "MyShop.WebUI\MyShop.WebUI.csproj", "{08AE6BAC-5064-4E76-9E7D-3486E5EC022B}"
EndProject
Project("{FAE04EC0-301F-11D3-BF4B-00C04F79EFBC}") = "MyShop.WebUI.Tests", "MyShop.WebUI.Tests\MyShop.WebUI.Tests.csproj", "{251DE597-7ABE-4A3F-941B-1D0AFCB9F113}"
EndProject
Global
	GlobalSection(SolutionConfigurationPlatforms) = preSolution
		Debug|Any CPU = Debug|Any CPU
		Release|Any CPU = Release|Any CPU
	EndGlobalSection
	GlobalSection(ProjectConfigurationPlatforms) = postSolution
		{6B67D9AE-F7B5-4873-BDF7-F672851BF157}.Debug|Any CPU.ActiveCfg = Debug|Any CPU
		{6B67D9AE-F7B5-4873-BDF7-F672851BF157}.Debug|Any CPU.Build.0 = Debug|Any CPU
		{6B67D9AE-F7B5-4873-BDF7-F672851BF157}.Release|Any CPU.ActiveCfg = Release|Any CPU
		{6B67D9AE-F7B5-4873-BDF7-F672851BF157}.Release|Any CPU.Build.0 = Release|Any CPU
		{662612BE-1D5D-4182-B2A0-E0E289D85C0E}.Debug|Any CPU.ActiveCfg = Debug|Any CPU
		{662612BE-1D5D-4182-B2A0-E0E289D85C0E}.Debug|Any CPU.Build.0 = Debug|Any CPU
		{662612BE-1D5D-4182-B2A0-E0E289D85C0E}.Release|Any CPU.ActiveCfg = Release|Any CPU
		{662612BE-1D5D-4182-B2A0-E0E289D85C0E}.Release|Any CPU.Build.0 = Release|Any CPU
		{5F8B3768-F8C0-413F-90C7-15472AE260F9}.Debug|Any CPU.ActiveCfg = Debug|Any CPU
		{5F8B3768-F8C0-413F-90C7-15472AE260F9}.Debug|Any CPU.Build.0 = Debug|Any CPU
		{5F8B3768-F8C0-413F-90C7-15472AE260F9}.Release|Any CPU.ActiveCfg = Release|Any CPU
		{5F8B3768-F8C0-413F-90C7-15472AE260F9}.Release|Any CPU.Build.0 = Release|Any CPU
		{9FA489D1-F4B0-4CAB-B830-9696C9792303}.Debug|Any CPU.ActiveCfg = Debug|Any CPU
		{9FA489D1-F4B0-4CAB-B830-9696C9792303}.Debug|Any CPU.Build.0 = Debug|Any CPU
		{9FA489D1-F4B0-4CAB-B830-9696C9792303}.Release|Any CPU.ActiveCfg = Release|Any CPU
		{9FA489D1-F4B0-4CAB-B830-9696C9792303}.Release|Any CPU.Build.0 = Release|Any CPU
		{08AE6BAC-5064-4E76-9E7D-3486E5EC022B}.Debug|Any CPU.ActiveCfg = Debug|Any CPU
		{08AE6BAC-5064-4E76-9E7D-3486E5EC022B}.Debug|Any CPU.Build.0 = Debug|Any CPU
		{08AE6BAC-5064-4E76-9E7D-3486E5EC022B}.Release|Any CPU.ActiveCfg = Release|Any CPU
		{08AE6BAC-5064-4E76-9E7D-3486E5EC022B}.Release|Any CPU.Build.0 = Release|Any CPU
		{251DE597-7ABE-4A3F-941B-1D0AFCB9F113}.Debug|Any CPU.ActiveCfg = Debug|Any CPU
		{251DE597-7ABE-4A3F-941B-1D0AFCB9F113}.Debug|Any CPU.Build.0 = Debug|Any CPU
		{251DE597-7ABE-4A3F-941B-1D0AFCB9F113}.Release|Any CPU.ActiveCfg = Release|Any CPU
		{251DE597-7ABE-4A3F-941B-1D0AFCB9F113}.Release|Any CPU.Build.0 = Release|Any CPU
	EndGlobalSection
	GlobalSection(SolutionProperties) = preSolution
		HideSolutionNode = FALSE
	EndGlobalSection
	GlobalSection(ExtensibilityGlobals) = postSolution
		SolutionGuid = {82D1CBB3-8B3E-4964-838C-6AC5571FDB57}
	EndGlobalSection
EndGlobal
